
Microsoft Visual Studio Solution File, Format Version 12.00
# Visual Studio Version 17
VisualStudioVersion = 17.6.33801.468
MinimumVisualStudioVersion = 10.0.40219.1
Project("{9A19103F-16F7-4668-BE54-9A1E7A4F7556}") = "e-commerceWebSite", "e-commerceWebSite\e-commerceWebSite.csproj", "{A7BF739B-00ED-49A6-B135-25F4905F1F8E}"
EndProject
Global
	GlobalSection(SolutionConfigurationPlatforms) = preSolution
		Debug|Any CPU = Debug|Any CPU
		Release|Any CPU = Release|Any CPU
	EndGlobalSection
	GlobalSection(ProjectConfigurationPlatforms) = postSolution
		{A7BF739B-00ED-49A6-B135-25F4905F1F8E}.Debug|Any CPU.ActiveCfg = Debug|Any CPU
		{A7BF739B-00ED-49A6-B135-25F4905F1F8E}.Debug|Any CPU.Build.0 = Debug|Any CPU
		{A7BF739B-00ED-49A6-B135-25F4905F1F8E}.Release|Any CPU.ActiveCfg = Release|Any CPU
		{A7BF739B-00ED-49A6-B135-25F4905F1F8E}.Release|Any CPU.Build.0 = Release|Any CPU
	EndGlobalSection
	GlobalSection(SolutionProperties) = preSolution
		HideSolutionNode = FALSE
	EndGlobalSection
	GlobalSection(ExtensibilityGlobals) = postSolution
		SolutionGuid = {FF1AA5AC-D16A-48C4-9126-7901256B828F}
	EndGlobalSection
EndGlobal
